
Microsoft Visual Studio Solution File, Format Version 12.00
# Visual Studio Version 16
VisualStudioVersion = 16.0.33927.289
MinimumVisualStudioVersion = 10.0.40219.1
Project("{FAE04EC0-301F-11D3-BF4B-00C04F79EFBC}") = "contin", "contin\contin.csproj", "{DBB32CA6-4D2A-4ABA-A55D-F4F5F3B1722A}"
EndProject
Global
	GlobalSection(SolutionConfigurationPlatforms) = preSolution
		Debug|Any CPU = Debug|Any CPU
		Debug|x64 = Debug|x64
		Release|Any CPU = Release|Any CPU
		Release|x64 = Release|x64
	EndGlobalSection
	GlobalSection(ProjectConfigurationPlatforms) = postSolution
		{DBB32CA6-4D2A-4ABA-A55D-F4F5F3B1722A}.Debug|Any CPU.ActiveCfg = Debug|Any CPU
		{DBB32CA6-4D2A-4ABA-A55D-F4F5F3B1722A}.Debug|Any CPU.Build.0 = Debug|Any CPU
		{DBB32CA6-4D2A-4ABA-A55D-F4F5F3B1722A}.Debug|x64.ActiveCfg = Debug|x64
		{DBB32CA6-4D2A-4ABA-A55D-F4F5F3B1722A}.Debug|x64.Build.0 = Debug|x64
		{DBB32CA6-4D2A-4ABA-A55D-F4F5F3B1722A}.Release|Any CPU.ActiveCfg = Release|Any CPU
		{DBB32CA6-4D2A-4ABA-A55D-F4F5F3B1722A}.Release|Any CPU.Build.0 = Release|Any CPU
		{DBB32CA6-4D2A-4ABA-A55D-F4F5F3B1722A}.Release|x64.ActiveCfg = Release|x64
		{DBB32CA6-4D2A-4ABA-A55D-F4F5F3B1722A}.Release|x64.Build.0 = Release|x64
	EndGlobalSection
	GlobalSection(SolutionProperties) = preSolution
		HideSolutionNode = FALSE
	EndGlobalSection
	GlobalSection(ExtensibilityGlobals) = postSolution
		SolutionGuid = {CD4B20C4-1B8D-4D67-8782-7EB4C1FB7BB4}
	EndGlobalSection
EndGlobal
